
Microsoft Visual Studio Solution File, Format Version 12.00
# Visual Studio 15
VisualStudioVersion = 15.0.27428.2015
MinimumVisualStudioVersion = 10.0.40219.1
Project("{FAE04EC0-301F-11D3-BF4B-00C04F79EFBC}") = "REDO", "REDO\REDO.csproj", "{827779AC-6F34-4E31-B98F-7ED948D0A4FB}"
EndProject
Global
	GlobalSection(SolutionConfigurationPlatforms) = preSolution
		Debug|Any CPU = Debug|Any CPU
		Release|Any CPU = Release|Any CPU
	EndGlobalSection
	GlobalSection(ProjectConfigurationPlatforms) = postSolution
		{827779AC-6F34-4E31-B98F-7ED948D0A4FB}.Debug|Any CPU.ActiveCfg = Debug|Any CPU
		{827779AC-6F34-4E31-B98F-7ED948D0A4FB}.Debug|Any CPU.Build.0 = Debug|Any CPU
		{827779AC-6F34-4E31-B98F-7ED948D0A4FB}.Release|Any CPU.ActiveCfg = Release|Any CPU
		{827779AC-6F34-4E31-B98F-7ED948D0A4FB}.Release|Any CPU.Build.0 = Release|Any CPU
	EndGlobalSection
	GlobalSection(SolutionProperties) = preSolution
		HideSolutionNode = FALSE
	EndGlobalSection
	GlobalSection(ExtensibilityGlobals) = postSolution
		SolutionGuid = {D4435EB2-C524-4E1F-B504-03A72310ABDF}
	EndGlobalSection
EndGlobal
