
Microsoft Visual Studio Solution File, Format Version 12.00
# Visual Studio 15
VisualStudioVersion = 15.0.27130.2027
MinimumVisualStudioVersion = 10.0.40219.1
Project("{FAE04EC0-301F-11D3-BF4B-00C04F79EFBC}") = "REDO-AnimalShelter", "REDO-AnimalShelter\REDO-AnimalShelter.csproj", "{2D23A52B-01D0-48A1-9524-643EC23007A9}"
EndProject
Global
	GlobalSection(SolutionConfigurationPlatforms) = preSolution
		Debug|Any CPU = Debug|Any CPU
		Release|Any CPU = Release|Any CPU
	EndGlobalSection
	GlobalSection(ProjectConfigurationPlatforms) = postSolution
		{2D23A52B-01D0-48A1-9524-643EC23007A9}.Debug|Any CPU.ActiveCfg = Debug|Any CPU
		{2D23A52B-01D0-48A1-9524-643EC23007A9}.Debug|Any CPU.Build.0 = Debug|Any CPU
		{2D23A52B-01D0-48A1-9524-643EC23007A9}.Release|Any CPU.ActiveCfg = Release|Any CPU
		{2D23A52B-01D0-48A1-9524-643EC23007A9}.Release|Any CPU.Build.0 = Release|Any CPU
	EndGlobalSection
	GlobalSection(SolutionProperties) = preSolution
		HideSolutionNode = FALSE
	EndGlobalSection
	GlobalSection(ExtensibilityGlobals) = postSolution
		SolutionGuid = {D0ADB505-F05C-4461-8287-280732892F40}
	EndGlobalSection
EndGlobal
