
Microsoft Visual Studio Solution File, Format Version 12.00
# Visual Studio 15
VisualStudioVersion = 15.0.27130.2027
MinimumVisualStudioVersion = 10.0.40219.1
Project("{FAE04EC0-301F-11D3-BF4B-00C04F79EFBC}") = "ConsoleApp81", "ConsoleApp81\ConsoleApp81.csproj", "{783280B4-EA3A-4F7A-8B83-8BE6E8BCAD11}"
EndProject
Global
	GlobalSection(SolutionConfigurationPlatforms) = preSolution
		Debug|Any CPU = Debug|Any CPU
		Release|Any CPU = Release|Any CPU
	EndGlobalSection
	GlobalSection(ProjectConfigurationPlatforms) = postSolution
		{783280B4-EA3A-4F7A-8B83-8BE6E8BCAD11}.Debug|Any CPU.ActiveCfg = Debug|Any CPU
		{783280B4-EA3A-4F7A-8B83-8BE6E8BCAD11}.Debug|Any CPU.Build.0 = Debug|Any CPU
		{783280B4-EA3A-4F7A-8B83-8BE6E8BCAD11}.Release|Any CPU.ActiveCfg = Release|Any CPU
		{783280B4-EA3A-4F7A-8B83-8BE6E8BCAD11}.Release|Any CPU.Build.0 = Release|Any CPU
	EndGlobalSection
	GlobalSection(SolutionProperties) = preSolution
		HideSolutionNode = FALSE
	EndGlobalSection
	GlobalSection(ExtensibilityGlobals) = postSolution
		SolutionGuid = {29FF418E-CCF3-4B8A-81EA-399C1094D244}
	EndGlobalSection
EndGlobal
