
Microsoft Visual Studio Solution File, Format Version 12.00
# Visual Studio 15
VisualStudioVersion = 15.0.27428.2015
MinimumVisualStudioVersion = 10.0.40219.1
Project("{FAE04EC0-301F-11D3-BF4B-00C04F79EFBC}") = "Exercise1", "Exercise1\Exercise1.csproj", "{CE684FB8-B183-400B-9888-56B14BA191E6}"
EndProject
Global
	GlobalSection(SolutionConfigurationPlatforms) = preSolution
		Debug|Any CPU = Debug|Any CPU
		Release|Any CPU = Release|Any CPU
	EndGlobalSection
	GlobalSection(ProjectConfigurationPlatforms) = postSolution
		{CE684FB8-B183-400B-9888-56B14BA191E6}.Debug|Any CPU.ActiveCfg = Debug|Any CPU
		{CE684FB8-B183-400B-9888-56B14BA191E6}.Debug|Any CPU.Build.0 = Debug|Any CPU
		{CE684FB8-B183-400B-9888-56B14BA191E6}.Release|Any CPU.ActiveCfg = Release|Any CPU
		{CE684FB8-B183-400B-9888-56B14BA191E6}.Release|Any CPU.Build.0 = Release|Any CPU
	EndGlobalSection
	GlobalSection(SolutionProperties) = preSolution
		HideSolutionNode = FALSE
	EndGlobalSection
	GlobalSection(ExtensibilityGlobals) = postSolution
		SolutionGuid = {275CDCCE-0BE9-4590-960B-8DCFFE0BD674}
	EndGlobalSection
EndGlobal
