
Microsoft Visual Studio Solution File, Format Version 12.00
# Visual Studio 15
VisualStudioVersion = 15.0.27130.2027
MinimumVisualStudioVersion = 10.0.40219.1
Project("{FAE04EC0-301F-11D3-BF4B-00C04F79EFBC}") = "Exercise 8", "Exercise 8\Exercise 8.csproj", "{AECE2333-5D80-41C5-AEAD-C54106EE15D3}"
EndProject
Global
	GlobalSection(SolutionConfigurationPlatforms) = preSolution
		Debug|Any CPU = Debug|Any CPU
		Release|Any CPU = Release|Any CPU
	EndGlobalSection
	GlobalSection(ProjectConfigurationPlatforms) = postSolution
		{AECE2333-5D80-41C5-AEAD-C54106EE15D3}.Debug|Any CPU.ActiveCfg = Debug|Any CPU
		{AECE2333-5D80-41C5-AEAD-C54106EE15D3}.Debug|Any CPU.Build.0 = Debug|Any CPU
		{AECE2333-5D80-41C5-AEAD-C54106EE15D3}.Release|Any CPU.ActiveCfg = Release|Any CPU
		{AECE2333-5D80-41C5-AEAD-C54106EE15D3}.Release|Any CPU.Build.0 = Release|Any CPU
	EndGlobalSection
	GlobalSection(SolutionProperties) = preSolution
		HideSolutionNode = FALSE
	EndGlobalSection
	GlobalSection(ExtensibilityGlobals) = postSolution
		SolutionGuid = {3665FF1C-A03C-4B57-A1C9-83CEF2136062}
	EndGlobalSection
EndGlobal
