
Microsoft Visual Studio Solution File, Format Version 12.00
# Visual Studio 15
VisualStudioVersion = 15.0.27130.2027
MinimumVisualStudioVersion = 10.0.40219.1
Project("{FAE04EC0-301F-11D3-BF4B-00C04F79EFBC}") = "ConsoleApp89", "ConsoleApp89\ConsoleApp89.csproj", "{3AF9EB5D-DBCC-4506-9DF5-15320026A111}"
EndProject
Global
	GlobalSection(SolutionConfigurationPlatforms) = preSolution
		Debug|Any CPU = Debug|Any CPU
		Release|Any CPU = Release|Any CPU
	EndGlobalSection
	GlobalSection(ProjectConfigurationPlatforms) = postSolution
		{3AF9EB5D-DBCC-4506-9DF5-15320026A111}.Debug|Any CPU.ActiveCfg = Debug|Any CPU
		{3AF9EB5D-DBCC-4506-9DF5-15320026A111}.Debug|Any CPU.Build.0 = Debug|Any CPU
		{3AF9EB5D-DBCC-4506-9DF5-15320026A111}.Release|Any CPU.ActiveCfg = Release|Any CPU
		{3AF9EB5D-DBCC-4506-9DF5-15320026A111}.Release|Any CPU.Build.0 = Release|Any CPU
	EndGlobalSection
	GlobalSection(SolutionProperties) = preSolution
		HideSolutionNode = FALSE
	EndGlobalSection
	GlobalSection(ExtensibilityGlobals) = postSolution
		SolutionGuid = {0FAFA59D-9A70-45A0-9335-8A595BB1D713}
	EndGlobalSection
EndGlobal
