
Microsoft Visual Studio Solution File, Format Version 12.00
# Visual Studio 15
VisualStudioVersion = 15.0.27428.2015
MinimumVisualStudioVersion = 10.0.40219.1
Project("{FAE04EC0-301F-11D3-BF4B-00C04F79EFBC}") = "jsonser", "jsonser\jsonser.csproj", "{AB76EBD7-3352-483E-9EE1-FB7189D0CD1D}"
EndProject
Global
	GlobalSection(SolutionConfigurationPlatforms) = preSolution
		Debug|Any CPU = Debug|Any CPU
		Release|Any CPU = Release|Any CPU
	EndGlobalSection
	GlobalSection(ProjectConfigurationPlatforms) = postSolution
		{AB76EBD7-3352-483E-9EE1-FB7189D0CD1D}.Debug|Any CPU.ActiveCfg = Debug|Any CPU
		{AB76EBD7-3352-483E-9EE1-FB7189D0CD1D}.Debug|Any CPU.Build.0 = Debug|Any CPU
		{AB76EBD7-3352-483E-9EE1-FB7189D0CD1D}.Release|Any CPU.ActiveCfg = Release|Any CPU
		{AB76EBD7-3352-483E-9EE1-FB7189D0CD1D}.Release|Any CPU.Build.0 = Release|Any CPU
	EndGlobalSection
	GlobalSection(SolutionProperties) = preSolution
		HideSolutionNode = FALSE
	EndGlobalSection
	GlobalSection(ExtensibilityGlobals) = postSolution
		SolutionGuid = {25BB7241-6F48-42CA-B632-412B3693F164}
	EndGlobalSection
EndGlobal
