
Microsoft Visual Studio Solution File, Format Version 12.00
# Visual Studio 15
VisualStudioVersion = 15.0.27130.2027
MinimumVisualStudioVersion = 10.0.40219.1
Project("{FAE04EC0-301F-11D3-BF4B-00C04F79EFBC}") = "GameBasics", "GameBasics\GameBasics.csproj", "{BEE3FC87-75D7-4A74-AD14-205BA96B6D40}"
EndProject
Global
	GlobalSection(SolutionConfigurationPlatforms) = preSolution
		Debug|Any CPU = Debug|Any CPU
		Release|Any CPU = Release|Any CPU
	EndGlobalSection
	GlobalSection(ProjectConfigurationPlatforms) = postSolution
		{BEE3FC87-75D7-4A74-AD14-205BA96B6D40}.Debug|Any CPU.ActiveCfg = Debug|Any CPU
		{BEE3FC87-75D7-4A74-AD14-205BA96B6D40}.Debug|Any CPU.Build.0 = Debug|Any CPU
		{BEE3FC87-75D7-4A74-AD14-205BA96B6D40}.Release|Any CPU.ActiveCfg = Release|Any CPU
		{BEE3FC87-75D7-4A74-AD14-205BA96B6D40}.Release|Any CPU.Build.0 = Release|Any CPU
	EndGlobalSection
	GlobalSection(SolutionProperties) = preSolution
		HideSolutionNode = FALSE
	EndGlobalSection
	GlobalSection(ExtensibilityGlobals) = postSolution
		SolutionGuid = {E90B133B-10EC-48AC-9650-D741AB989F40}
	EndGlobalSection
EndGlobal
